
Microsoft Visual Studio Solution File, Format Version 12.00
# Visual Studio 2013
VisualStudioVersion = 12.0.30501.0
MinimumVisualStudioVersion = 10.0.40219.1
Project("{FAE04EC0-301F-11D3-BF4B-00C04F79EFBC}") = "OnTrac.Core", "OnTrac.Core\OnTrac.Core.csproj", "{B0B726B1-B180-434B-BBA2-52ED4074EE65}"
EndProject
Global
	GlobalSection(TeamFoundationVersionControl) = preSolution
		SccNumberOfProjects = 2
		SccEnterpriseProvider = {4CA58AB2-18FA-4F8D-95D4-32DDF27D184C}
		SccTeamFoundationServer = http://loutfs:8080/tfs/ontrac
		SccLocalPath0 = .
		SccProjectUniqueName1 = OnTrac.Core\\OnTrac.Core.csproj
		SccProjectName1 = OnTrac.Core
		SccLocalPath1 = OnTrac.Core
	EndGlobalSection
	GlobalSection(SolutionConfigurationPlatforms) = preSolution
		Debug|Any CPU = Debug|Any CPU
		Release|Any CPU = Release|Any CPU
	EndGlobalSection
	GlobalSection(ProjectConfigurationPlatforms) = postSolution
		{B0B726B1-B180-434B-BBA2-52ED4074EE65}.Debug|Any CPU.ActiveCfg = Debug|Any CPU
		{B0B726B1-B180-434B-BBA2-52ED4074EE65}.Debug|Any CPU.Build.0 = Debug|Any CPU
		{B0B726B1-B180-434B-BBA2-52ED4074EE65}.Release|Any CPU.ActiveCfg = Release|Any CPU
		{B0B726B1-B180-434B-BBA2-52ED4074EE65}.Release|Any CPU.Build.0 = Release|Any CPU
	EndGlobalSection
	GlobalSection(SolutionProperties) = preSolution
		HideSolutionNode = FALSE
	EndGlobalSection
EndGlobal
